
Microsoft Visual Studio Solution File, Format Version 12.00
# Visual Studio Version 17
VisualStudioVersion = 17.6.33815.320
MinimumVisualStudioVersion = 10.0.40219.1
Project("{FAE04EC0-301F-11D3-BF4B-00C04F79EFBC}") = "MyItems.Backend", "MyItems.Backend\MyItems.Backend.csproj", "{8D47A5C5-A066-47F4-A6A1-D27D821B8034}"
EndProject
Global
	GlobalSection(SolutionConfigurationPlatforms) = preSolution
		Debug|Any CPU = Debug|Any CPU
		Release|Any CPU = Release|Any CPU
	EndGlobalSection
	GlobalSection(ProjectConfigurationPlatforms) = postSolution
		{8D47A5C5-A066-47F4-A6A1-D27D821B8034}.Debug|Any CPU.ActiveCfg = Debug|Any CPU
		{8D47A5C5-A066-47F4-A6A1-D27D821B8034}.Debug|Any CPU.Build.0 = Debug|Any CPU
		{8D47A5C5-A066-47F4-A6A1-D27D821B8034}.Release|Any CPU.ActiveCfg = Release|Any CPU
		{8D47A5C5-A066-47F4-A6A1-D27D821B8034}.Release|Any CPU.Build.0 = Release|Any CPU
	EndGlobalSection
	GlobalSection(SolutionProperties) = preSolution
		HideSolutionNode = FALSE
	EndGlobalSection
	GlobalSection(ExtensibilityGlobals) = postSolution
		SolutionGuid = {77D14BFF-D391-41E4-A647-51BDC5D44516}
	EndGlobalSection
EndGlobal
