
Microsoft Visual Studio Solution File, Format Version 12.00
# Visual Studio Version 17
VisualStudioVersion = 17.6.33815.320
MinimumVisualStudioVersion = 10.0.40219.1
Project("{9A19103F-16F7-4668-BE54-9A1E7A4F7556}") = "MyItems.Backend", "MyItems.Backend\MyItems.Backend.csproj", "{8D47A5C5-A066-47F4-A6A1-D27D821B8034}"
EndProject
Project("{E24C65DC-7377-472B-9ABA-BC803B73C61A}") = "MyItems.Frontend", "MyItems.Frontend\", "{20661018-1CF6-44D5-AB3B-B041A8545557}"
	ProjectSection(WebsiteProperties) = preProject
		TargetFrameworkMoniker = ".NETFramework,Version%3Dv4.0"
		Debug.AspNetCompiler.VirtualPath = "/localhost_50784"
		Debug.AspNetCompiler.PhysicalPath = "MyItems.Frontend\"
		Debug.AspNetCompiler.TargetPath = "PrecompiledWeb\localhost_50784\"
		Debug.AspNetCompiler.Updateable = "true"
		Debug.AspNetCompiler.ForceOverwrite = "true"
		Debug.AspNetCompiler.FixedNames = "false"
		Debug.AspNetCompiler.Debug = "True"
		Release.AspNetCompiler.VirtualPath = "/localhost_50784"
		Release.AspNetCompiler.PhysicalPath = "MyItems.Frontend\"
		Release.AspNetCompiler.TargetPath = "PrecompiledWeb\localhost_50784\"
		Release.AspNetCompiler.Updateable = "true"
		Release.AspNetCompiler.ForceOverwrite = "true"
		Release.AspNetCompiler.FixedNames = "false"
		Release.AspNetCompiler.Debug = "False"
		VWDPort = "50784"
	EndProjectSection
EndProject
Global
	GlobalSection(SolutionConfigurationPlatforms) = preSolution
		Debug|Any CPU = Debug|Any CPU
		Release|Any CPU = Release|Any CPU
	EndGlobalSection
	GlobalSection(ProjectConfigurationPlatforms) = postSolution
		{8D47A5C5-A066-47F4-A6A1-D27D821B8034}.Debug|Any CPU.ActiveCfg = Debug|Any CPU
		{8D47A5C5-A066-47F4-A6A1-D27D821B8034}.Debug|Any CPU.Build.0 = Debug|Any CPU
		{8D47A5C5-A066-47F4-A6A1-D27D821B8034}.Release|Any CPU.ActiveCfg = Release|Any CPU
		{8D47A5C5-A066-47F4-A6A1-D27D821B8034}.Release|Any CPU.Build.0 = Release|Any CPU
		{20661018-1CF6-44D5-AB3B-B041A8545557}.Debug|Any CPU.ActiveCfg = Debug|Any CPU
		{20661018-1CF6-44D5-AB3B-B041A8545557}.Debug|Any CPU.Build.0 = Debug|Any CPU
		{20661018-1CF6-44D5-AB3B-B041A8545557}.Release|Any CPU.ActiveCfg = Debug|Any CPU
		{20661018-1CF6-44D5-AB3B-B041A8545557}.Release|Any CPU.Build.0 = Debug|Any CPU
	EndGlobalSection
	GlobalSection(SolutionProperties) = preSolution
		HideSolutionNode = FALSE
	EndGlobalSection
	GlobalSection(ExtensibilityGlobals) = postSolution
		SolutionGuid = {77D14BFF-D391-41E4-A647-51BDC5D44516}
	EndGlobalSection
EndGlobal
